// !$*UTF8*$!
{
	archiveVersion = 1;
	classes = {
	};
	objectVersion = 50;
	objects = {

/* Begin PBXFileReference section */
		D9C53A88220341DB00D7C190 /* sub.mk */ = {isa = PBXFileReference; lastKnownFileType = text; path = sub.mk; sourceTree = "<group>"; };
		D9C53A89220341DB00D7C190 /* list.c */ = {isa = PBXFileReference; lastKnownFileType = sourcecode.c.c; path = list.c; sourceTree = "<group>"; };
		D9C53A8A220341DB00D7C190 /* Android.mk */ = {isa = PBXFileReference; lastKnownFileType = text; path = Android.mk; sourceTree = "<group>"; };
		D9C53A8B220341DB00D7C190 /* diffprivate_TA.c */ = {isa = PBXFileReference; lastKnownFileType = sourcecode.c.c; path = diffprivate_TA.c; sourceTree = "<group>"; };
		D9C53A8C220341DB00D7C190 /* batchnorm_layer_TA.c */ = {isa = PBXFileReference; lastKnownFileType = sourcecode.c.c; path = batchnorm_layer_TA.c; sourceTree = "<group>"; };
		D9C53A8D220341DB00D7C190 /* Makefile */ = {isa = PBXFileReference; lastKnownFileType = sourcecode.make; path = Makefile; sourceTree = "<group>"; };
		D9C53A8E220341DB00D7C190 /* include */ = {isa = PBXFileReference; lastKnownFileType = folder; path = include; sourceTree = "<group>"; };
		D9C53A8F220341DB00D7C190 /* network_TA.c */ = {isa = PBXFileReference; lastKnownFileType = sourcecode.c.c; path = network_TA.c; sourceTree = "<group>"; };
		D9C53A90220341DB00D7C190 /* gemm_TA.c */ = {isa = PBXFileReference; lastKnownFileType = sourcecode.c.c; path = gemm_TA.c; sourceTree = "<group>"; };
		D9C53A91220341DB00D7C190 /* utils_TA.c */ = {isa = PBXFileReference; lastKnownFileType = sourcecode.c.c; path = utils_TA.c; sourceTree = "<group>"; };
		D9C53A92220341DB00D7C190 /* darknetp_ta.c */ = {isa = PBXFileReference; lastKnownFileType = sourcecode.c.c; path = darknetp_ta.c; sourceTree = "<group>"; };
		D9C53A93220341DB00D7C190 /* activations_TA.c */ = {isa = PBXFileReference; lastKnownFileType = sourcecode.c.c; path = activations_TA.c; sourceTree = "<group>"; };
		D9C53A94220341DB00D7C190 /* user_ta_header_defines.h */ = {isa = PBXFileReference; lastKnownFileType = sourcecode.c.h; path = user_ta_header_defines.h; sourceTree = "<group>"; };
		D9C53A95220341DB00D7C190 /* math_ta.c */ = {isa = PBXFileReference; lastKnownFileType = sourcecode.c.c; path = math_ta.c; sourceTree = "<group>"; };
		D9C53A96220341DB00D7C190 /* blas_TA.c */ = {isa = PBXFileReference; lastKnownFileType = sourcecode.c.c; path = blas_TA.c; sourceTree = "<group>"; };
/* End PBXFileReference section */

/* Begin PBXGroup section */
		D9C53A82220341DB00D7C190 = {
			isa = PBXGroup;
			children = (
				D9C53A88220341DB00D7C190 /* sub.mk */,
				D9C53A89220341DB00D7C190 /* list.c */,
				D9C53A8A220341DB00D7C190 /* Android.mk */,
				D9C53A8B220341DB00D7C190 /* diffprivate_TA.c */,
				D9C53A8C220341DB00D7C190 /* batchnorm_layer_TA.c */,
				D9C53A8D220341DB00D7C190 /* Makefile */,
				D9C53A8E220341DB00D7C190 /* include */,
				D9C53A8F220341DB00D7C190 /* network_TA.c */,
				D9C53A90220341DB00D7C190 /* gemm_TA.c */,
				D9C53A91220341DB00D7C190 /* utils_TA.c */,
				D9C53A92220341DB00D7C190 /* darknetp_ta.c */,
				D9C53A93220341DB00D7C190 /* activations_TA.c */,
				D9C53A94220341DB00D7C190 /* user_ta_header_defines.h */,
				D9C53A95220341DB00D7C190 /* math_ta.c */,
				D9C53A96220341DB00D7C190 /* blas_TA.c */,
			);
			sourceTree = "<group>";
		};
/* End PBXGroup section */

/* Begin PBXLegacyTarget section */
		D9C53A87220341DB00D7C190 /* ta */ = {
			isa = PBXLegacyTarget;
			buildArgumentsString = "$(ACTION)";
			buildConfigurationList = D9C53A97220341DB00D7C190 /* Build configuration list for PBXLegacyTarget "ta" */;
			buildPhases = (
			);
			buildToolPath = /usr/bin/make;
			buildWorkingDirectory = /Users/fanvincentmo/Documents/GitHub/darknetp/darknetp/ta;
			dependencies = (
			);
			name = ta;
			passBuildSettingsInEnvironment = 1;
			productName = ta;
		};
/* End PBXLegacyTarget section */

/* Begin PBXProject section */
		D9C53A83220341DB00D7C190 /* Project object */ = {
			isa = PBXProject;
			attributes = {
			};
			buildConfigurationList = D9C53A86220341DB00D7C190 /* Build configuration list for PBXProject "ta" */;
			compatibilityVersion = "Xcode 9.3";
			developmentRegion = en;
			hasScannedForEncodings = 0;
			knownRegions = (
				en,
			);
			mainGroup = D9C53A82220341DB00D7C190;
			projectDirPath = "";
			projectRoot = "";
			targets = (
				D9C53A87220341DB00D7C190 /* ta */,
			);
		};
/* End PBXProject section */

/* Begin XCBuildConfiguration section */
		D9C53A84220341DB00D7C190 /* Debug */ = {
			isa = XCBuildConfiguration;
			buildSettings = {
				ARCHS = "$(ARCHS_STANDARD_32_BIT)";
				COPY_PHASE_STRIP = NO;
				GCC_WARN_ABOUT_RETURN_TYPE = YES;
				GCC_WARN_UNUSED_VARIABLE = YES;
				ONLY_ACTIVE_ARCH = YES;
				SDKROOT = macosx10.6;
			};
			name = Debug;
		};
		D9C53A85220341DB00D7C190 /* Release */ = {
			isa = XCBuildConfiguration;
			buildSettings = {
				ARCHS = "$(ARCHS_STANDARD_32_BIT)";
				COPY_PHASE_STRIP = YES;
				GCC_WARN_ABOUT_RETURN_TYPE = YES;
				GCC_WARN_UNUSED_VARIABLE = YES;
				SDKROOT = macosx10.6;
			};
			name = Release;
		};
		D9C53A98220341DB00D7C190 /* Debug */ = {
			isa = XCBuildConfiguration;
			buildSettings = {
				COPY_PHASE_STRIP = NO;
				DEBUGGING_SYMBOLS = YES;
				GCC_DYNAMIC_NO_PIC = NO;
				GCC_ENABLE_FIX_AND_CONTINUE = YES;
				GCC_GENERATE_DEBUGGING_SYMBOLS = YES;
				GCC_OPTIMIZATION_LEVEL = 0;
				OTHER_CFLAGS = "";
				OTHER_LDFLAGS = "";
				PRODUCT_NAME = ta;
			};
			name = Debug;
		};
		D9C53A99220341DB00D7C190 /* Release */ = {
			isa = XCBuildConfiguration;
			buildSettings = {
				COPY_PHASE_STRIP = YES;
				DEBUG_INFORMATION_FORMAT = "dwarf-with-dsym";
				GCC_ENABLE_FIX_AND_CONTINUE = NO;
				OTHER_CFLAGS = "";
				OTHER_LDFLAGS = "";
				PRODUCT_NAME = ta;
			};
			name = Release;
		};
/* End XCBuildConfiguration section */

/* Begin XCConfigurationList section */
		D9C53A86220341DB00D7C190 /* Build configuration list for PBXProject "ta" */ = {
			isa = XCConfigurationList;
			buildConfigurations = (
				D9C53A84220341DB00D7C190 /* Debug */,
				D9C53A85220341DB00D7C190 /* Release */,
			);
			defaultConfigurationIsVisible = 0;
			defaultConfigurationName = Release;
		};
		D9C53A97220341DB00D7C190 /* Build configuration list for PBXLegacyTarget "ta" */ = {
			isa = XCConfigurationList;
			buildConfigurations = (
				D9C53A98220341DB00D7C190 /* Debug */,
				D9C53A99220341DB00D7C190 /* Release */,
			);
			defaultConfigurationIsVisible = 0;
			defaultConfigurationName = Release;
		};
/* End XCConfigurationList section */
	};
	rootObject = D9C53A83220341DB00D7C190 /* Project object */;
}
